
Microsoft Visual Studio Solution File, Format Version 12.00
# Visual Studio Version 16
VisualStudioVersion = 16.0.32413.511
MinimumVisualStudioVersion = 10.0.40219.1
Project("{FAE04EC0-301F-11D3-BF4B-00C04F79EFBC}") = "TesteUnitario", "TesteUnitario.csproj", "{B90D1202-1C1D-441E-9589-FA657F631C08}"
EndProject
Global
	GlobalSection(SolutionConfigurationPlatforms) = preSolution
		Debug|Any CPU = Debug|Any CPU
		Release|Any CPU = Release|Any CPU
	EndGlobalSection
	GlobalSection(ProjectConfigurationPlatforms) = postSolution
		{B90D1202-1C1D-441E-9589-FA657F631C08}.Debug|Any CPU.ActiveCfg = Debug|Any CPU
		{B90D1202-1C1D-441E-9589-FA657F631C08}.Debug|Any CPU.Build.0 = Debug|Any CPU
		{B90D1202-1C1D-441E-9589-FA657F631C08}.Release|Any CPU.ActiveCfg = Release|Any CPU
		{B90D1202-1C1D-441E-9589-FA657F631C08}.Release|Any CPU.Build.0 = Release|Any CPU
	EndGlobalSection
	GlobalSection(SolutionProperties) = preSolution
		HideSolutionNode = FALSE
	EndGlobalSection
	GlobalSection(ExtensibilityGlobals) = postSolution
		SolutionGuid = {C835DCCA-745F-4C25-931F-33B4272BB24E}
	EndGlobalSection
EndGlobal
