
Microsoft Visual Studio Solution File, Format Version 12.00
# Visual Studio Version 16
VisualStudioVersion = 16.0.32413.511
MinimumVisualStudioVersion = 10.0.40219.1
Project("{9A19103F-16F7-4668-BE54-9A1E7A4F7556}") = "Lista De Compras", "Lista De Compras.csproj", "{FEC16D99-51EC-4D5B-9A8E-841B707DD971}"
EndProject
Project("{9A19103F-16F7-4668-BE54-9A1E7A4F7556}") = "TesteUnitario", "..\TesteUnitario\TesteUnitario.csproj", "{39F6CF7F-0C39-40B2-ABF4-5309F01BDFC9}"
EndProject
Global
	GlobalSection(SolutionConfigurationPlatforms) = preSolution
		Debug|Any CPU = Debug|Any CPU
		Release|Any CPU = Release|Any CPU
	EndGlobalSection
	GlobalSection(ProjectConfigurationPlatforms) = postSolution
		{FEC16D99-51EC-4D5B-9A8E-841B707DD971}.Debug|Any CPU.ActiveCfg = Debug|Any CPU
		{FEC16D99-51EC-4D5B-9A8E-841B707DD971}.Debug|Any CPU.Build.0 = Debug|Any CPU
		{FEC16D99-51EC-4D5B-9A8E-841B707DD971}.Release|Any CPU.ActiveCfg = Release|Any CPU
		{FEC16D99-51EC-4D5B-9A8E-841B707DD971}.Release|Any CPU.Build.0 = Release|Any CPU
		{39F6CF7F-0C39-40B2-ABF4-5309F01BDFC9}.Debug|Any CPU.ActiveCfg = Debug|Any CPU
		{39F6CF7F-0C39-40B2-ABF4-5309F01BDFC9}.Debug|Any CPU.Build.0 = Debug|Any CPU
		{39F6CF7F-0C39-40B2-ABF4-5309F01BDFC9}.Release|Any CPU.ActiveCfg = Release|Any CPU
		{39F6CF7F-0C39-40B2-ABF4-5309F01BDFC9}.Release|Any CPU.Build.0 = Release|Any CPU
	EndGlobalSection
	GlobalSection(SolutionProperties) = preSolution
		HideSolutionNode = FALSE
	EndGlobalSection
	GlobalSection(ExtensibilityGlobals) = postSolution
		SolutionGuid = {75CEE58D-1243-4BD2-B6E5-626E8E5B4896}
	EndGlobalSection
EndGlobal
